
Microsoft Visual Studio Solution File, Format Version 12.00
# Visual Studio Version 17
VisualStudioVersion = 17.0.31903.59
MinimumVisualStudioVersion = 10.0.40219.1
Project("{2150E333-8FDC-42A3-9474-1A3956D46DE8}") = "Solution Items", "Solution Items", "{725CB1F7-790A-4659-AC2F-38051CC34685}"
	ProjectSection(SolutionItems) = preProject
		Directory.Build.props = Directory.Build.props
		Directory.Packages.props = Directory.Packages.props
		Dockerfile = Dockerfile
		nuget.config = nuget.config
		..\README.md = ..\README.md
		..\justfile = ..\justfile
	EndProjectSection
EndProject
Project("{9A19103F-16F7-4668-BE54-9A1E7A4F7556}") = "Dfe.Sww.Ecf.TestCommon", "tests\Dfe.Sww.Ecf.TestCommon\Dfe.Sww.Ecf.TestCommon.csproj", "{DFE6654C-3222-4B20-A871-79581928D3B2}"
EndProject
Project("{2150E333-8FDC-42A3-9474-1A3956D46DE8}") = "src", "src", "{837E2941-F1CC-41EF-A652-B605101B2E84}"
EndProject
Project("{2150E333-8FDC-42A3-9474-1A3956D46DE8}") = "tests", "tests", "{91DCFC76-6636-4AC1-B81C-7F8AE1F22116}"
EndProject
Project("{9A19103F-16F7-4668-BE54-9A1E7A4F7556}") = "Dfe.Sww.Ecf.Core", "src\Dfe.Sww.Ecf.Core\Dfe.Sww.Ecf.Core.csproj", "{BB84ECB4-583D-4068-9A66-883233661594}"
EndProject
Project("{9A19103F-16F7-4668-BE54-9A1E7A4F7556}") = "Dfe.Sww.Ecf.Core.Tests", "tests\Dfe.Sww.Ecf.Core.Tests\Dfe.Sww.Ecf.Core.Tests.csproj", "{3380ADC3-A691-4B07-9FE3-CB5306974965}"
EndProject
Project("{9A19103F-16F7-4668-BE54-9A1E7A4F7556}") = "Dfe.Sww.Ecf.ServiceDefaults", "src\Dfe.Sww.Ecf.ServiceDefaults\Dfe.Sww.Ecf.ServiceDefaults.csproj", "{01E6CAE9-C591-4C04-A3C1-10BB3A7192FF}"
EndProject
Project("{9A19103F-16F7-4668-BE54-9A1E7A4F7556}") = "Dfe.Sww.Ecf.UiCommon", "src\Dfe.Sww.Ecf.UiCommon\Dfe.Sww.Ecf.UiCommon.csproj", "{3B40F089-387D-4721-A79D-1C39E682D550}"
EndProject
Project("{9A19103F-16F7-4668-BE54-9A1E7A4F7556}") = "Dfe.Sww.Ecf.UiCommon.Tests", "tests\Dfe.Sww.Ecf.UiCommon.Tests\Dfe.Sww.Ecf.UiCommon.Tests.csproj", "{8F71F933-72A9-4512-89A1-B28ACEC38BC4}"
EndProject
Project("{9A19103F-16F7-4668-BE54-9A1E7A4F7556}") = "Dfe.Sww.Ecf.AuthorizeAccess.Tests", "tests\Dfe.Sww.Ecf.AuthorizeAccess.Tests\Dfe.Sww.Ecf.AuthorizeAccess.Tests.csproj", "{08E99A19-AD1F-4F95-BF13-31248D486799}"
EndProject
Project("{9A19103F-16F7-4668-BE54-9A1E7A4F7556}") = "Dfe.Sww.Ecf.UiTestCommon", "tests\Dfe.Sww.Ecf.UiTestCommon\Dfe.Sww.Ecf.UiTestCommon.csproj", "{B22223A8-9CB0-4B60-B516-18FD684CF01D}"
EndProject
Project("{9A19103F-16F7-4668-BE54-9A1E7A4F7556}") = "Dfe.Sww.Ecf.AuthorizeAccess.EndToEndTests", "tests\Dfe.Sww.Ecf.AuthorizeAccess.EndToEndTests\Dfe.Sww.Ecf.AuthorizeAccess.EndToEndTests.csproj", "{2D7946CB-44D2-431D-A9E1-A4472FACC1DC}"
EndProject
Project("{FAE04EC0-301F-11D3-BF4B-00C04F79EFBC}") = "Dfe.Sww.Ecf.Cli", "src\Dfe.Sww.Ecf.Cli\Dfe.Sww.Ecf.Cli.csproj", "{07CC3AE9-EDE6-4844-9A5E-A3E6149C9108}"
EndProject
Project("{FAE04EC0-301F-11D3-BF4B-00C04F79EFBC}") = "Dfe.Sww.Ecf.AuthorizeAccess", "src\Dfe.Sww.Ecf.AuthorizeAccess\Dfe.Sww.Ecf.AuthorizeAccess.csproj", "{BC3462DF-8805-42DF-94D3-31582E0A3A26}"
EndProject
Global
	GlobalSection(SolutionConfigurationPlatforms) = preSolution
		Debug|Any CPU = Debug|Any CPU
		Debug|x64 = Debug|x64
		Debug|x86 = Debug|x86
		Release|Any CPU = Release|Any CPU
		Release|x64 = Release|x64
		Release|x86 = Release|x86
	EndGlobalSection
	GlobalSection(ProjectConfigurationPlatforms) = postSolution
		{DFE6654C-3222-4B20-A871-79581928D3B2}.Debug|Any CPU.ActiveCfg = Debug|Any CPU
		{DFE6654C-3222-4B20-A871-79581928D3B2}.Debug|Any CPU.Build.0 = Debug|Any CPU
		{DFE6654C-3222-4B20-A871-79581928D3B2}.Debug|x64.ActiveCfg = Debug|Any CPU
		{DFE6654C-3222-4B20-A871-79581928D3B2}.Debug|x64.Build.0 = Debug|Any CPU
		{DFE6654C-3222-4B20-A871-79581928D3B2}.Debug|x86.ActiveCfg = Debug|Any CPU
		{DFE6654C-3222-4B20-A871-79581928D3B2}.Debug|x86.Build.0 = Debug|Any CPU
		{DFE6654C-3222-4B20-A871-79581928D3B2}.Release|Any CPU.ActiveCfg = Release|Any CPU
		{DFE6654C-3222-4B20-A871-79581928D3B2}.Release|Any CPU.Build.0 = Release|Any CPU
		{DFE6654C-3222-4B20-A871-79581928D3B2}.Release|x64.ActiveCfg = Release|Any CPU
		{DFE6654C-3222-4B20-A871-79581928D3B2}.Release|x64.Build.0 = Release|Any CPU
		{DFE6654C-3222-4B20-A871-79581928D3B2}.Release|x86.ActiveCfg = Release|Any CPU
		{DFE6654C-3222-4B20-A871-79581928D3B2}.Release|x86.Build.0 = Release|Any CPU
		{BB84ECB4-583D-4068-9A66-883233661594}.Debug|Any CPU.ActiveCfg = Debug|Any CPU
		{BB84ECB4-583D-4068-9A66-883233661594}.Debug|Any CPU.Build.0 = Debug|Any CPU
		{BB84ECB4-583D-4068-9A66-883233661594}.Debug|x64.ActiveCfg = Debug|Any CPU
		{BB84ECB4-583D-4068-9A66-883233661594}.Debug|x64.Build.0 = Debug|Any CPU
		{BB84ECB4-583D-4068-9A66-883233661594}.Debug|x86.ActiveCfg = Debug|Any CPU
		{BB84ECB4-583D-4068-9A66-883233661594}.Debug|x86.Build.0 = Debug|Any CPU
		{BB84ECB4-583D-4068-9A66-883233661594}.Release|Any CPU.ActiveCfg = Release|Any CPU
		{BB84ECB4-583D-4068-9A66-883233661594}.Release|Any CPU.Build.0 = Release|Any CPU
		{BB84ECB4-583D-4068-9A66-883233661594}.Release|x64.ActiveCfg = Release|Any CPU
		{BB84ECB4-583D-4068-9A66-883233661594}.Release|x64.Build.0 = Release|Any CPU
		{BB84ECB4-583D-4068-9A66-883233661594}.Release|x86.ActiveCfg = Release|Any CPU
		{BB84ECB4-583D-4068-9A66-883233661594}.Release|x86.Build.0 = Release|Any CPU
		{3380ADC3-A691-4B07-9FE3-CB5306974965}.Debug|Any CPU.ActiveCfg = Debug|Any CPU
		{3380ADC3-A691-4B07-9FE3-CB5306974965}.Debug|Any CPU.Build.0 = Debug|Any CPU
		{3380ADC3-A691-4B07-9FE3-CB5306974965}.Debug|x64.ActiveCfg = Debug|Any CPU
		{3380ADC3-A691-4B07-9FE3-CB5306974965}.Debug|x64.Build.0 = Debug|Any CPU
		{3380ADC3-A691-4B07-9FE3-CB5306974965}.Debug|x86.ActiveCfg = Debug|Any CPU
		{3380ADC3-A691-4B07-9FE3-CB5306974965}.Debug|x86.Build.0 = Debug|Any CPU
		{3380ADC3-A691-4B07-9FE3-CB5306974965}.Release|Any CPU.ActiveCfg = Release|Any CPU
		{3380ADC3-A691-4B07-9FE3-CB5306974965}.Release|Any CPU.Build.0 = Release|Any CPU
		{3380ADC3-A691-4B07-9FE3-CB5306974965}.Release|x64.ActiveCfg = Release|Any CPU
		{3380ADC3-A691-4B07-9FE3-CB5306974965}.Release|x64.Build.0 = Release|Any CPU
		{3380ADC3-A691-4B07-9FE3-CB5306974965}.Release|x86.ActiveCfg = Release|Any CPU
		{3380ADC3-A691-4B07-9FE3-CB5306974965}.Release|x86.Build.0 = Release|Any CPU
		{01E6CAE9-C591-4C04-A3C1-10BB3A7192FF}.Debug|Any CPU.ActiveCfg = Debug|Any CPU
		{01E6CAE9-C591-4C04-A3C1-10BB3A7192FF}.Debug|Any CPU.Build.0 = Debug|Any CPU
		{01E6CAE9-C591-4C04-A3C1-10BB3A7192FF}.Debug|x64.ActiveCfg = Debug|Any CPU
		{01E6CAE9-C591-4C04-A3C1-10BB3A7192FF}.Debug|x64.Build.0 = Debug|Any CPU
		{01E6CAE9-C591-4C04-A3C1-10BB3A7192FF}.Debug|x86.ActiveCfg = Debug|Any CPU
		{01E6CAE9-C591-4C04-A3C1-10BB3A7192FF}.Debug|x86.Build.0 = Debug|Any CPU
		{01E6CAE9-C591-4C04-A3C1-10BB3A7192FF}.Release|Any CPU.ActiveCfg = Release|Any CPU
		{01E6CAE9-C591-4C04-A3C1-10BB3A7192FF}.Release|Any CPU.Build.0 = Release|Any CPU
		{01E6CAE9-C591-4C04-A3C1-10BB3A7192FF}.Release|x64.ActiveCfg = Release|Any CPU
		{01E6CAE9-C591-4C04-A3C1-10BB3A7192FF}.Release|x64.Build.0 = Release|Any CPU
		{01E6CAE9-C591-4C04-A3C1-10BB3A7192FF}.Release|x86.ActiveCfg = Release|Any CPU
		{01E6CAE9-C591-4C04-A3C1-10BB3A7192FF}.Release|x86.Build.0 = Release|Any CPU
		{3B40F089-387D-4721-A79D-1C39E682D550}.Debug|Any CPU.ActiveCfg = Debug|Any CPU
		{3B40F089-387D-4721-A79D-1C39E682D550}.Debug|Any CPU.Build.0 = Debug|Any CPU
		{3B40F089-387D-4721-A79D-1C39E682D550}.Debug|x64.ActiveCfg = Debug|Any CPU
		{3B40F089-387D-4721-A79D-1C39E682D550}.Debug|x64.Build.0 = Debug|Any CPU
		{3B40F089-387D-4721-A79D-1C39E682D550}.Debug|x86.ActiveCfg = Debug|Any CPU
		{3B40F089-387D-4721-A79D-1C39E682D550}.Debug|x86.Build.0 = Debug|Any CPU
		{3B40F089-387D-4721-A79D-1C39E682D550}.Release|Any CPU.ActiveCfg = Release|Any CPU
		{3B40F089-387D-4721-A79D-1C39E682D550}.Release|Any CPU.Build.0 = Release|Any CPU
		{3B40F089-387D-4721-A79D-1C39E682D550}.Release|x64.ActiveCfg = Release|Any CPU
		{3B40F089-387D-4721-A79D-1C39E682D550}.Release|x64.Build.0 = Release|Any CPU
		{3B40F089-387D-4721-A79D-1C39E682D550}.Release|x86.ActiveCfg = Release|Any CPU
		{3B40F089-387D-4721-A79D-1C39E682D550}.Release|x86.Build.0 = Release|Any CPU
		{8F71F933-72A9-4512-89A1-B28ACEC38BC4}.Debug|Any CPU.ActiveCfg = Debug|Any CPU
		{8F71F933-72A9-4512-89A1-B28ACEC38BC4}.Debug|Any CPU.Build.0 = Debug|Any CPU
		{8F71F933-72A9-4512-89A1-B28ACEC38BC4}.Debug|x64.ActiveCfg = Debug|Any CPU
		{8F71F933-72A9-4512-89A1-B28ACEC38BC4}.Debug|x64.Build.0 = Debug|Any CPU
		{8F71F933-72A9-4512-89A1-B28ACEC38BC4}.Debug|x86.ActiveCfg = Debug|Any CPU
		{8F71F933-72A9-4512-89A1-B28ACEC38BC4}.Debug|x86.Build.0 = Debug|Any CPU
		{8F71F933-72A9-4512-89A1-B28ACEC38BC4}.Release|Any CPU.ActiveCfg = Release|Any CPU
		{8F71F933-72A9-4512-89A1-B28ACEC38BC4}.Release|Any CPU.Build.0 = Release|Any CPU
		{8F71F933-72A9-4512-89A1-B28ACEC38BC4}.Release|x64.ActiveCfg = Release|Any CPU
		{8F71F933-72A9-4512-89A1-B28ACEC38BC4}.Release|x64.Build.0 = Release|Any CPU
		{8F71F933-72A9-4512-89A1-B28ACEC38BC4}.Release|x86.ActiveCfg = Release|Any CPU
		{8F71F933-72A9-4512-89A1-B28ACEC38BC4}.Release|x86.Build.0 = Release|Any CPU
		{08E99A19-AD1F-4F95-BF13-31248D486799}.Debug|Any CPU.ActiveCfg = Debug|Any CPU
		{08E99A19-AD1F-4F95-BF13-31248D486799}.Debug|Any CPU.Build.0 = Debug|Any CPU
		{08E99A19-AD1F-4F95-BF13-31248D486799}.Debug|x64.ActiveCfg = Debug|Any CPU
		{08E99A19-AD1F-4F95-BF13-31248D486799}.Debug|x64.Build.0 = Debug|Any CPU
		{08E99A19-AD1F-4F95-BF13-31248D486799}.Debug|x86.ActiveCfg = Debug|Any CPU
		{08E99A19-AD1F-4F95-BF13-31248D486799}.Debug|x86.Build.0 = Debug|Any CPU
		{08E99A19-AD1F-4F95-BF13-31248D486799}.Release|Any CPU.ActiveCfg = Release|Any CPU
		{08E99A19-AD1F-4F95-BF13-31248D486799}.Release|Any CPU.Build.0 = Release|Any CPU
		{08E99A19-AD1F-4F95-BF13-31248D486799}.Release|x64.ActiveCfg = Release|Any CPU
		{08E99A19-AD1F-4F95-BF13-31248D486799}.Release|x64.Build.0 = Release|Any CPU
		{08E99A19-AD1F-4F95-BF13-31248D486799}.Release|x86.ActiveCfg = Release|Any CPU
		{08E99A19-AD1F-4F95-BF13-31248D486799}.Release|x86.Build.0 = Release|Any CPU
		{B22223A8-9CB0-4B60-B516-18FD684CF01D}.Debug|Any CPU.ActiveCfg = Debug|Any CPU
		{B22223A8-9CB0-4B60-B516-18FD684CF01D}.Debug|Any CPU.Build.0 = Debug|Any CPU
		{B22223A8-9CB0-4B60-B516-18FD684CF01D}.Debug|x64.ActiveCfg = Debug|Any CPU
		{B22223A8-9CB0-4B60-B516-18FD684CF01D}.Debug|x64.Build.0 = Debug|Any CPU
		{B22223A8-9CB0-4B60-B516-18FD684CF01D}.Debug|x86.ActiveCfg = Debug|Any CPU
		{B22223A8-9CB0-4B60-B516-18FD684CF01D}.Debug|x86.Build.0 = Debug|Any CPU
		{B22223A8-9CB0-4B60-B516-18FD684CF01D}.Release|Any CPU.ActiveCfg = Release|Any CPU
		{B22223A8-9CB0-4B60-B516-18FD684CF01D}.Release|Any CPU.Build.0 = Release|Any CPU
		{B22223A8-9CB0-4B60-B516-18FD684CF01D}.Release|x64.ActiveCfg = Release|Any CPU
		{B22223A8-9CB0-4B60-B516-18FD684CF01D}.Release|x64.Build.0 = Release|Any CPU
		{B22223A8-9CB0-4B60-B516-18FD684CF01D}.Release|x86.ActiveCfg = Release|Any CPU
		{B22223A8-9CB0-4B60-B516-18FD684CF01D}.Release|x86.Build.0 = Release|Any CPU
		{2D7946CB-44D2-431D-A9E1-A4472FACC1DC}.Debug|Any CPU.ActiveCfg = Debug|Any CPU
		{2D7946CB-44D2-431D-A9E1-A4472FACC1DC}.Debug|Any CPU.Build.0 = Debug|Any CPU
		{2D7946CB-44D2-431D-A9E1-A4472FACC1DC}.Debug|x64.ActiveCfg = Debug|Any CPU
		{2D7946CB-44D2-431D-A9E1-A4472FACC1DC}.Debug|x64.Build.0 = Debug|Any CPU
		{2D7946CB-44D2-431D-A9E1-A4472FACC1DC}.Debug|x86.ActiveCfg = Debug|Any CPU
		{2D7946CB-44D2-431D-A9E1-A4472FACC1DC}.Debug|x86.Build.0 = Debug|Any CPU
		{2D7946CB-44D2-431D-A9E1-A4472FACC1DC}.Release|Any CPU.ActiveCfg = Release|Any CPU
		{2D7946CB-44D2-431D-A9E1-A4472FACC1DC}.Release|Any CPU.Build.0 = Release|Any CPU
		{2D7946CB-44D2-431D-A9E1-A4472FACC1DC}.Release|x64.ActiveCfg = Release|Any CPU
		{2D7946CB-44D2-431D-A9E1-A4472FACC1DC}.Release|x64.Build.0 = Release|Any CPU
		{2D7946CB-44D2-431D-A9E1-A4472FACC1DC}.Release|x86.ActiveCfg = Release|Any CPU
		{2D7946CB-44D2-431D-A9E1-A4472FACC1DC}.Release|x86.Build.0 = Release|Any CPU
		{07CC3AE9-EDE6-4844-9A5E-A3E6149C9108}.Debug|Any CPU.ActiveCfg = Debug|Any CPU
		{07CC3AE9-EDE6-4844-9A5E-A3E6149C9108}.Debug|Any CPU.Build.0 = Debug|Any CPU
		{07CC3AE9-EDE6-4844-9A5E-A3E6149C9108}.Debug|x64.ActiveCfg = Debug|Any CPU
		{07CC3AE9-EDE6-4844-9A5E-A3E6149C9108}.Debug|x64.Build.0 = Debug|Any CPU
		{07CC3AE9-EDE6-4844-9A5E-A3E6149C9108}.Debug|x86.ActiveCfg = Debug|Any CPU
		{07CC3AE9-EDE6-4844-9A5E-A3E6149C9108}.Debug|x86.Build.0 = Debug|Any CPU
		{07CC3AE9-EDE6-4844-9A5E-A3E6149C9108}.Release|Any CPU.ActiveCfg = Release|Any CPU
		{07CC3AE9-EDE6-4844-9A5E-A3E6149C9108}.Release|Any CPU.Build.0 = Release|Any CPU
		{07CC3AE9-EDE6-4844-9A5E-A3E6149C9108}.Release|x64.ActiveCfg = Release|Any CPU
		{07CC3AE9-EDE6-4844-9A5E-A3E6149C9108}.Release|x64.Build.0 = Release|Any CPU
		{07CC3AE9-EDE6-4844-9A5E-A3E6149C9108}.Release|x86.ActiveCfg = Release|Any CPU
		{07CC3AE9-EDE6-4844-9A5E-A3E6149C9108}.Release|x86.Build.0 = Release|Any CPU
		{BC3462DF-8805-42DF-94D3-31582E0A3A26}.Debug|Any CPU.ActiveCfg = Debug|Any CPU
		{BC3462DF-8805-42DF-94D3-31582E0A3A26}.Debug|Any CPU.Build.0 = Debug|Any CPU
		{BC3462DF-8805-42DF-94D3-31582E0A3A26}.Debug|x64.ActiveCfg = Debug|Any CPU
		{BC3462DF-8805-42DF-94D3-31582E0A3A26}.Debug|x64.Build.0 = Debug|Any CPU
		{BC3462DF-8805-42DF-94D3-31582E0A3A26}.Debug|x86.ActiveCfg = Debug|Any CPU
		{BC3462DF-8805-42DF-94D3-31582E0A3A26}.Debug|x86.Build.0 = Debug|Any CPU
		{BC3462DF-8805-42DF-94D3-31582E0A3A26}.Release|Any CPU.ActiveCfg = Release|Any CPU
		{BC3462DF-8805-42DF-94D3-31582E0A3A26}.Release|Any CPU.Build.0 = Release|Any CPU
		{BC3462DF-8805-42DF-94D3-31582E0A3A26}.Release|x64.ActiveCfg = Release|Any CPU
		{BC3462DF-8805-42DF-94D3-31582E0A3A26}.Release|x64.Build.0 = Release|Any CPU
		{BC3462DF-8805-42DF-94D3-31582E0A3A26}.Release|x86.ActiveCfg = Release|Any CPU
		{BC3462DF-8805-42DF-94D3-31582E0A3A26}.Release|x86.Build.0 = Release|Any CPU
	EndGlobalSection
	GlobalSection(SolutionProperties) = preSolution
		HideSolutionNode = FALSE
	EndGlobalSection
	GlobalSection(NestedProjects) = preSolution
		{DFE6654C-3222-4B20-A871-79581928D3B2} = {91DCFC76-6636-4AC1-B81C-7F8AE1F22116}
		{BB84ECB4-583D-4068-9A66-883233661594} = {837E2941-F1CC-41EF-A652-B605101B2E84}
		{3380ADC3-A691-4B07-9FE3-CB5306974965} = {91DCFC76-6636-4AC1-B81C-7F8AE1F22116}
		{01E6CAE9-C591-4C04-A3C1-10BB3A7192FF} = {837E2941-F1CC-41EF-A652-B605101B2E84}
		{3B40F089-387D-4721-A79D-1C39E682D550} = {837E2941-F1CC-41EF-A652-B605101B2E84}
		{8F71F933-72A9-4512-89A1-B28ACEC38BC4} = {91DCFC76-6636-4AC1-B81C-7F8AE1F22116}
		{08E99A19-AD1F-4F95-BF13-31248D486799} = {91DCFC76-6636-4AC1-B81C-7F8AE1F22116}
		{B22223A8-9CB0-4B60-B516-18FD684CF01D} = {91DCFC76-6636-4AC1-B81C-7F8AE1F22116}
		{2D7946CB-44D2-431D-A9E1-A4472FACC1DC} = {91DCFC76-6636-4AC1-B81C-7F8AE1F22116}
		{07CC3AE9-EDE6-4844-9A5E-A3E6149C9108} = {837E2941-F1CC-41EF-A652-B605101B2E84}
		{BC3462DF-8805-42DF-94D3-31582E0A3A26} = {837E2941-F1CC-41EF-A652-B605101B2E84}
	EndGlobalSection
	GlobalSection(ExtensibilityGlobals) = postSolution
		SolutionGuid = {61D239F9-888B-4D01-84BC-9276C92383EA}
	EndGlobalSection
EndGlobal
