
Microsoft Visual Studio Solution File, Format Version 12.00
Project("{2150E333-8FDC-42A3-9474-1A3956D46DE8}") = "auth-service", "auth-service", "{15DD9ECD-6C29-4626-9BFE-BB689E769727}"
EndProject
Project("{2150E333-8FDC-42A3-9474-1A3956D46DE8}") = "test", "auth-service\test", "{C1028190-BC24-4056-B591-D89A19E06FF4}"
EndProject
Project("{FAE04EC0-301F-11D3-BF4B-00C04F79EFBC}") = "SocialWorkInductionProgramme.Authentication.AuthorizeAccess", "auth-service\src\SocialWorkInductionProgramme.Authentication.AuthorizeAccess\SocialWorkInductionProgramme.Authentication.AuthorizeAccess.csproj", "{56D3D371-AFE3-436C-A895-74E76CD5FB8C}"
EndProject
Project("{FAE04EC0-301F-11D3-BF4B-00C04F79EFBC}") = "SocialWorkInductionProgramme.Authentication.Cli", "auth-service\src\SocialWorkInductionProgramme.Authentication.Cli\SocialWorkInductionProgramme.Authentication.Cli.csproj", "{51A93084-9160-4569-B92A-C73ACB1DC96C}"
EndProject
Project("{FAE04EC0-301F-11D3-BF4B-00C04F79EFBC}") = "SocialWorkInductionProgramme.Authentication.Core", "auth-service\src\SocialWorkInductionProgramme.Authentication.Core\SocialWorkInductionProgramme.Authentication.Core.csproj", "{08FE07B6-1A46-44DE-B738-0894A0869498}"
EndProject
Project("{FAE04EC0-301F-11D3-BF4B-00C04F79EFBC}") = "SocialWorkInductionProgramme.Authentication.ServiceDefaults", "auth-service\src\SocialWorkInductionProgramme.Authentication.ServiceDefaults\SocialWorkInductionProgramme.Authentication.ServiceDefaults.csproj", "{97D5A393-39EA-4183-8A42-C70A1B799A13}"
EndProject
Project("{FAE04EC0-301F-11D3-BF4B-00C04F79EFBC}") = "SocialWorkInductionProgramme.Authentication.UiCommon", "auth-service\src\SocialWorkInductionProgramme.Authentication.UiCommon\SocialWorkInductionProgramme.Authentication.UiCommon.csproj", "{2985F7EF-735D-4E5D-B785-532D491F655B}"
EndProject
Project("{FAE04EC0-301F-11D3-BF4B-00C04F79EFBC}") = "SocialWorkInductionProgramme.Authentication.AuthorizeAccess.EndToEndTests", "auth-service\test\SocialWorkInductionProgramme.Authentication.AuthorizeAccess.EndToEndTests\SocialWorkInductionProgramme.Authentication.AuthorizeAccess.EndToEndTests.csproj", "{8DF62C06-2EB1-4C08-A029-4353054AA281}"
EndProject
Project("{FAE04EC0-301F-11D3-BF4B-00C04F79EFBC}") = "SocialWorkInductionProgramme.Authentication.AuthorizeAccess.Tests", "auth-service\test\SocialWorkInductionProgramme.Authentication.AuthorizeAccess.Tests\SocialWorkInductionProgramme.Authentication.AuthorizeAccess.Tests.csproj", "{59D236CA-7A5B-499E-8673-747937458BB4}"
EndProject
Project("{FAE04EC0-301F-11D3-BF4B-00C04F79EFBC}") = "SocialWorkInductionProgramme.Authentication.Core.Tests", "auth-service\test\SocialWorkInductionProgramme.Authentication.Core.Tests\SocialWorkInductionProgramme.Authentication.Core.Tests.csproj", "{3501174C-8C88-44CC-AFFC-7DF45281174C}"
EndProject
Project("{FAE04EC0-301F-11D3-BF4B-00C04F79EFBC}") = "SocialWorkInductionProgramme.Authentication.TestCommon", "auth-service\test\SocialWorkInductionProgramme.Authentication.TestCommon\SocialWorkInductionProgramme.Authentication.TestCommon.csproj", "{E78ED289-0845-4381-B620-65A9E32AD6B7}"
EndProject
Project("{FAE04EC0-301F-11D3-BF4B-00C04F79EFBC}") = "SocialWorkInductionProgramme.Authentication.UiCommon.Tests", "auth-service\test\SocialWorkInductionProgramme.Authentication.UiCommon.Tests\SocialWorkInductionProgramme.Authentication.UiCommon.Tests.csproj", "{CB47AE7B-A442-4580-B1B9-8C644404A456}"
EndProject
Project("{FAE04EC0-301F-11D3-BF4B-00C04F79EFBC}") = "SocialWorkInductionProgramme.Authentication.UiTestCommon", "auth-service\test\SocialWorkInductionProgramme.Authentication.UiTestCommon\SocialWorkInductionProgramme.Authentication.UiTestCommon.csproj", "{DA0133B5-B577-48D8-B52D-60B79A9CE0D2}"
EndProject
Project("{2150E333-8FDC-42A3-9474-1A3956D46DE8}") = "frontend", "frontend", "{8F89CC6B-EAF8-411D-98BD-C63118E3BC13}"
EndProject
Project("{2150E333-8FDC-42A3-9474-1A3956D46DE8}") = "test", "test", "{0223255B-0272-4ABF-BBFA-6A4EEFFC0CDB}"
EndProject
Project("{FAE04EC0-301F-11D3-BF4B-00C04F79EFBC}") = "SocialWorkInductionProgramme.Frontend", "frontend\src\SocialWorkInductionProgramme.Frontend.csproj", "{3D54A770-7451-4316-9392-9A9C825C38DF}"
EndProject
Project("{FAE04EC0-301F-11D3-BF4B-00C04F79EFBC}") = "SocialWorkInductionProgramme.Frontend.Test", "frontend\test\frontend-test\SocialWorkInductionProgramme.Frontend.Test.csproj", "{101B305A-DAD6-4046-94CE-6DBC05BCC25C}"
EndProject
Project("{2150E333-8FDC-42A3-9474-1A3956D46DE8}") = "notification-service", "notification-service", "{3718AD72-AC9E-480F-A5D8-820E1887D8F0}"
EndProject
Project("{2150E333-8FDC-42A3-9474-1A3956D46DE8}") = "test", "test", "{8FBC3919-BAF4-4A81-9EA8-76EF524359C9}"
EndProject
Project("{FAE04EC0-301F-11D3-BF4B-00C04F79EFBC}") = "SocialWorkInductionProgramme.NotificationService", "notification-service\src\SocialWorkInductionProgramme.NotificationService\SocialWorkInductionProgramme.NotificationService.csproj", "{DDE71A75-0363-4DB4-AEC9-5DA3DAC025A7}"
EndProject
Project("{FAE04EC0-301F-11D3-BF4B-00C04F79EFBC}") = "SocialWorkInductionProgramme.NotificationService.Models", "notification-service\src\SocialWorkInductionProgramme.NotificationService.Models\SocialWorkInductionProgramme.NotificationService.Models.csproj", "{1D696494-9820-427A-BA4C-4D6C45F6B853}"
EndProject
Project("{FAE04EC0-301F-11D3-BF4B-00C04F79EFBC}") = "SocialWorkInductionProgramme.NotificationService.Services", "notification-service\src\SocialWorkInductionProgramme.NotificationService.Services\SocialWorkInductionProgramme.NotificationService.Services.csproj", "{BC37CF82-114E-4269-B6E6-5389A0A51073}"
EndProject
Project("{FAE04EC0-301F-11D3-BF4B-00C04F79EFBC}") = "SocialWorkInductionProgramme.NotificationService.Tests", "notification-service\test\notification-service-test\SocialWorkInductionProgramme.NotificationService.Tests.csproj", "{AD9E6ABE-2EE0-4E98-8ED9-A796223FF66A}"
EndProject
Global
	GlobalSection(SolutionConfigurationPlatforms) = preSolution
		Debug|Any CPU = Debug|Any CPU
		Release|Any CPU = Release|Any CPU
	EndGlobalSection
	GlobalSection(NestedProjects) = preSolution
		{8DF62C06-2EB1-4C08-A029-4353054AA281} = {C1028190-BC24-4056-B591-D89A19E06FF4}
		{59D236CA-7A5B-499E-8673-747937458BB4} = {C1028190-BC24-4056-B591-D89A19E06FF4}
		{3501174C-8C88-44CC-AFFC-7DF45281174C} = {C1028190-BC24-4056-B591-D89A19E06FF4}
		{E78ED289-0845-4381-B620-65A9E32AD6B7} = {C1028190-BC24-4056-B591-D89A19E06FF4}
		{CB47AE7B-A442-4580-B1B9-8C644404A456} = {C1028190-BC24-4056-B591-D89A19E06FF4}
		{DA0133B5-B577-48D8-B52D-60B79A9CE0D2} = {C1028190-BC24-4056-B591-D89A19E06FF4}
		{C1028190-BC24-4056-B591-D89A19E06FF4} = {15DD9ECD-6C29-4626-9BFE-BB689E769727}
		{0223255B-0272-4ABF-BBFA-6A4EEFFC0CDB} = {8F89CC6B-EAF8-411D-98BD-C63118E3BC13}
		{101B305A-DAD6-4046-94CE-6DBC05BCC25C} = {0223255B-0272-4ABF-BBFA-6A4EEFFC0CDB}
		{8FBC3919-BAF4-4A81-9EA8-76EF524359C9} = {3718AD72-AC9E-480F-A5D8-820E1887D8F0}
		{AD9E6ABE-2EE0-4E98-8ED9-A796223FF66A} = {8FBC3919-BAF4-4A81-9EA8-76EF524359C9}
		{56D3D371-AFE3-436C-A895-74E76CD5FB8C} = {15DD9ECD-6C29-4626-9BFE-BB689E769727}
		{51A93084-9160-4569-B92A-C73ACB1DC96C} = {15DD9ECD-6C29-4626-9BFE-BB689E769727}
		{08FE07B6-1A46-44DE-B738-0894A0869498} = {15DD9ECD-6C29-4626-9BFE-BB689E769727}
		{97D5A393-39EA-4183-8A42-C70A1B799A13} = {15DD9ECD-6C29-4626-9BFE-BB689E769727}
		{2985F7EF-735D-4E5D-B785-532D491F655B} = {15DD9ECD-6C29-4626-9BFE-BB689E769727}
		{3D54A770-7451-4316-9392-9A9C825C38DF} = {8F89CC6B-EAF8-411D-98BD-C63118E3BC13}
		{DDE71A75-0363-4DB4-AEC9-5DA3DAC025A7} = {3718AD72-AC9E-480F-A5D8-820E1887D8F0}
		{1D696494-9820-427A-BA4C-4D6C45F6B853} = {3718AD72-AC9E-480F-A5D8-820E1887D8F0}
		{BC37CF82-114E-4269-B6E6-5389A0A51073} = {3718AD72-AC9E-480F-A5D8-820E1887D8F0}
	EndGlobalSection
	GlobalSection(ProjectConfigurationPlatforms) = postSolution
		{56D3D371-AFE3-436C-A895-74E76CD5FB8C}.Debug|Any CPU.ActiveCfg = Debug|Any CPU
		{56D3D371-AFE3-436C-A895-74E76CD5FB8C}.Debug|Any CPU.Build.0 = Debug|Any CPU
		{56D3D371-AFE3-436C-A895-74E76CD5FB8C}.Release|Any CPU.ActiveCfg = Release|Any CPU
		{56D3D371-AFE3-436C-A895-74E76CD5FB8C}.Release|Any CPU.Build.0 = Release|Any CPU
		{51A93084-9160-4569-B92A-C73ACB1DC96C}.Debug|Any CPU.ActiveCfg = Debug|Any CPU
		{51A93084-9160-4569-B92A-C73ACB1DC96C}.Debug|Any CPU.Build.0 = Debug|Any CPU
		{51A93084-9160-4569-B92A-C73ACB1DC96C}.Release|Any CPU.ActiveCfg = Release|Any CPU
		{51A93084-9160-4569-B92A-C73ACB1DC96C}.Release|Any CPU.Build.0 = Release|Any CPU
		{08FE07B6-1A46-44DE-B738-0894A0869498}.Debug|Any CPU.ActiveCfg = Debug|Any CPU
		{08FE07B6-1A46-44DE-B738-0894A0869498}.Debug|Any CPU.Build.0 = Debug|Any CPU
		{08FE07B6-1A46-44DE-B738-0894A0869498}.Release|Any CPU.ActiveCfg = Release|Any CPU
		{08FE07B6-1A46-44DE-B738-0894A0869498}.Release|Any CPU.Build.0 = Release|Any CPU
		{97D5A393-39EA-4183-8A42-C70A1B799A13}.Debug|Any CPU.ActiveCfg = Debug|Any CPU
		{97D5A393-39EA-4183-8A42-C70A1B799A13}.Debug|Any CPU.Build.0 = Debug|Any CPU
		{97D5A393-39EA-4183-8A42-C70A1B799A13}.Release|Any CPU.ActiveCfg = Release|Any CPU
		{97D5A393-39EA-4183-8A42-C70A1B799A13}.Release|Any CPU.Build.0 = Release|Any CPU
		{2985F7EF-735D-4E5D-B785-532D491F655B}.Debug|Any CPU.ActiveCfg = Debug|Any CPU
		{2985F7EF-735D-4E5D-B785-532D491F655B}.Debug|Any CPU.Build.0 = Debug|Any CPU
		{2985F7EF-735D-4E5D-B785-532D491F655B}.Release|Any CPU.ActiveCfg = Release|Any CPU
		{2985F7EF-735D-4E5D-B785-532D491F655B}.Release|Any CPU.Build.0 = Release|Any CPU
		{8DF62C06-2EB1-4C08-A029-4353054AA281}.Debug|Any CPU.ActiveCfg = Debug|Any CPU
		{8DF62C06-2EB1-4C08-A029-4353054AA281}.Debug|Any CPU.Build.0 = Debug|Any CPU
		{8DF62C06-2EB1-4C08-A029-4353054AA281}.Release|Any CPU.ActiveCfg = Release|Any CPU
		{8DF62C06-2EB1-4C08-A029-4353054AA281}.Release|Any CPU.Build.0 = Release|Any CPU
		{59D236CA-7A5B-499E-8673-747937458BB4}.Debug|Any CPU.ActiveCfg = Debug|Any CPU
		{59D236CA-7A5B-499E-8673-747937458BB4}.Debug|Any CPU.Build.0 = Debug|Any CPU
		{59D236CA-7A5B-499E-8673-747937458BB4}.Release|Any CPU.ActiveCfg = Release|Any CPU
		{59D236CA-7A5B-499E-8673-747937458BB4}.Release|Any CPU.Build.0 = Release|Any CPU
		{3501174C-8C88-44CC-AFFC-7DF45281174C}.Debug|Any CPU.ActiveCfg = Debug|Any CPU
		{3501174C-8C88-44CC-AFFC-7DF45281174C}.Debug|Any CPU.Build.0 = Debug|Any CPU
		{3501174C-8C88-44CC-AFFC-7DF45281174C}.Release|Any CPU.ActiveCfg = Release|Any CPU
		{3501174C-8C88-44CC-AFFC-7DF45281174C}.Release|Any CPU.Build.0 = Release|Any CPU
		{E78ED289-0845-4381-B620-65A9E32AD6B7}.Debug|Any CPU.ActiveCfg = Debug|Any CPU
		{E78ED289-0845-4381-B620-65A9E32AD6B7}.Debug|Any CPU.Build.0 = Debug|Any CPU
		{E78ED289-0845-4381-B620-65A9E32AD6B7}.Release|Any CPU.ActiveCfg = Release|Any CPU
		{E78ED289-0845-4381-B620-65A9E32AD6B7}.Release|Any CPU.Build.0 = Release|Any CPU
		{CB47AE7B-A442-4580-B1B9-8C644404A456}.Debug|Any CPU.ActiveCfg = Debug|Any CPU
		{CB47AE7B-A442-4580-B1B9-8C644404A456}.Debug|Any CPU.Build.0 = Debug|Any CPU
		{CB47AE7B-A442-4580-B1B9-8C644404A456}.Release|Any CPU.ActiveCfg = Release|Any CPU
		{CB47AE7B-A442-4580-B1B9-8C644404A456}.Release|Any CPU.Build.0 = Release|Any CPU
		{DA0133B5-B577-48D8-B52D-60B79A9CE0D2}.Debug|Any CPU.ActiveCfg = Debug|Any CPU
		{DA0133B5-B577-48D8-B52D-60B79A9CE0D2}.Debug|Any CPU.Build.0 = Debug|Any CPU
		{DA0133B5-B577-48D8-B52D-60B79A9CE0D2}.Release|Any CPU.ActiveCfg = Release|Any CPU
		{DA0133B5-B577-48D8-B52D-60B79A9CE0D2}.Release|Any CPU.Build.0 = Release|Any CPU
		{3D54A770-7451-4316-9392-9A9C825C38DF}.Debug|Any CPU.ActiveCfg = Debug|Any CPU
		{3D54A770-7451-4316-9392-9A9C825C38DF}.Debug|Any CPU.Build.0 = Debug|Any CPU
		{3D54A770-7451-4316-9392-9A9C825C38DF}.Release|Any CPU.ActiveCfg = Release|Any CPU
		{3D54A770-7451-4316-9392-9A9C825C38DF}.Release|Any CPU.Build.0 = Release|Any CPU
		{101B305A-DAD6-4046-94CE-6DBC05BCC25C}.Debug|Any CPU.ActiveCfg = Debug|Any CPU
		{101B305A-DAD6-4046-94CE-6DBC05BCC25C}.Debug|Any CPU.Build.0 = Debug|Any CPU
		{101B305A-DAD6-4046-94CE-6DBC05BCC25C}.Release|Any CPU.ActiveCfg = Release|Any CPU
		{101B305A-DAD6-4046-94CE-6DBC05BCC25C}.Release|Any CPU.Build.0 = Release|Any CPU
		{DDE71A75-0363-4DB4-AEC9-5DA3DAC025A7}.Debug|Any CPU.ActiveCfg = Debug|Any CPU
		{DDE71A75-0363-4DB4-AEC9-5DA3DAC025A7}.Debug|Any CPU.Build.0 = Debug|Any CPU
		{DDE71A75-0363-4DB4-AEC9-5DA3DAC025A7}.Release|Any CPU.ActiveCfg = Release|Any CPU
		{DDE71A75-0363-4DB4-AEC9-5DA3DAC025A7}.Release|Any CPU.Build.0 = Release|Any CPU
		{1D696494-9820-427A-BA4C-4D6C45F6B853}.Debug|Any CPU.ActiveCfg = Debug|Any CPU
		{1D696494-9820-427A-BA4C-4D6C45F6B853}.Debug|Any CPU.Build.0 = Debug|Any CPU
		{1D696494-9820-427A-BA4C-4D6C45F6B853}.Release|Any CPU.ActiveCfg = Release|Any CPU
		{1D696494-9820-427A-BA4C-4D6C45F6B853}.Release|Any CPU.Build.0 = Release|Any CPU
		{BC37CF82-114E-4269-B6E6-5389A0A51073}.Debug|Any CPU.ActiveCfg = Debug|Any CPU
		{BC37CF82-114E-4269-B6E6-5389A0A51073}.Debug|Any CPU.Build.0 = Debug|Any CPU
		{BC37CF82-114E-4269-B6E6-5389A0A51073}.Release|Any CPU.ActiveCfg = Release|Any CPU
		{BC37CF82-114E-4269-B6E6-5389A0A51073}.Release|Any CPU.Build.0 = Release|Any CPU
		{AD9E6ABE-2EE0-4E98-8ED9-A796223FF66A}.Debug|Any CPU.ActiveCfg = Debug|Any CPU
		{AD9E6ABE-2EE0-4E98-8ED9-A796223FF66A}.Debug|Any CPU.Build.0 = Debug|Any CPU
		{AD9E6ABE-2EE0-4E98-8ED9-A796223FF66A}.Release|Any CPU.ActiveCfg = Release|Any CPU
		{AD9E6ABE-2EE0-4E98-8ED9-A796223FF66A}.Release|Any CPU.Build.0 = Release|Any CPU
	EndGlobalSection
EndGlobal
